// !$*UTF8*$!
{
	archiveVersion = 1;
	classes = {
	};
	objectVersion = 56;
	objects = {

/* Begin PBXBuildFile section */
		A1A01BE629BDADE80029104A /* AppDelegate.swift in Sources */ = {isa = PBXBuildFile; fileRef = A1A01BE529BDADE80029104A /* AppDelegate.swift */; };
		A1A01BE829BDADE80029104A /* SceneDelegate.swift in Sources */ = {isa = PBXBuildFile; fileRef = A1A01BE729BDADE80029104A /* SceneDelegate.swift */; };
		A1A01BED29BDADE80029104A /* Main.storyboard in Resources */ = {isa = PBXBuildFile; fileRef = A1A01BEB29BDADE80029104A /* Main.storyboard */; };
		A1A01BEF29BDADE90029104A /* Assets.xcassets in Resources */ = {isa = PBXBuildFile; fileRef = A1A01BEE29BDADE90029104A /* Assets.xcassets */; };
		A1A01BF229BDADE90029104A /* LaunchScreen.storyboard in Resources */ = {isa = PBXBuildFile; fileRef = A1A01BF029BDADE90029104A /* LaunchScreen.storyboard */; };
		A1A01BFB29BDAF0A0029104A /* LoginInteractor.swift in Sources */ = {isa = PBXBuildFile; fileRef = A1A01BFA29BDAF0A0029104A /* LoginInteractor.swift */; };
		A1A01BFD29BDB0B50029104A /* LoginModels.swift in Sources */ = {isa = PBXBuildFile; fileRef = A1A01BFC29BDB0B50029104A /* LoginModels.swift */; };
		A1A01BFF29BDB6E00029104A /* LoginWorker.swift in Sources */ = {isa = PBXBuildFile; fileRef = A1A01BFE29BDB6E00029104A /* LoginWorker.swift */; };
		A1A01C0129BDBA900029104A /* LoginPresenter.swift in Sources */ = {isa = PBXBuildFile; fileRef = A1A01C0029BDBA900029104A /* LoginPresenter.swift */; };
		A1A01C0329BDBDA40029104A /* LoginViewController.swift in Sources */ = {isa = PBXBuildFile; fileRef = A1A01C0229BDBDA40029104A /* LoginViewController.swift */; };
/* End PBXBuildFile section */

/* Begin PBXFileReference section */
		A1A01BE229BDADE80029104A /* CleanSwiftSample.app */ = {isa = PBXFileReference; explicitFileType = wrapper.application; includeInIndex = 0; path = CleanSwiftSample.app; sourceTree = BUILT_PRODUCTS_DIR; };
		A1A01BE529BDADE80029104A /* AppDelegate.swift */ = {isa = PBXFileReference; lastKnownFileType = sourcecode.swift; path = AppDelegate.swift; sourceTree = "<group>"; };
		A1A01BE729BDADE80029104A /* SceneDelegate.swift */ = {isa = PBXFileReference; lastKnownFileType = sourcecode.swift; path = SceneDelegate.swift; sourceTree = "<group>"; };
		A1A01BEC29BDADE80029104A /* Base */ = {isa = PBXFileReference; lastKnownFileType = file.storyboard; name = Base; path = Base.lproj/Main.storyboard; sourceTree = "<group>"; };
		A1A01BEE29BDADE90029104A /* Assets.xcassets */ = {isa = PBXFileReference; lastKnownFileType = folder.assetcatalog; path = Assets.xcassets; sourceTree = "<group>"; };
		A1A01BF129BDADE90029104A /* Base */ = {isa = PBXFileReference; lastKnownFileType = file.storyboard; name = Base; path = Base.lproj/LaunchScreen.storyboard; sourceTree = "<group>"; };
		A1A01BF329BDADE90029104A /* Info.plist */ = {isa = PBXFileReference; lastKnownFileType = text.plist.xml; path = Info.plist; sourceTree = "<group>"; };
		A1A01BFA29BDAF0A0029104A /* LoginInteractor.swift */ = {isa = PBXFileReference; lastKnownFileType = sourcecode.swift; path = LoginInteractor.swift; sourceTree = "<group>"; };
		A1A01BFC29BDB0B50029104A /* LoginModels.swift */ = {isa = PBXFileReference; lastKnownFileType = sourcecode.swift; path = LoginModels.swift; sourceTree = "<group>"; };
		A1A01BFE29BDB6E00029104A /* LoginWorker.swift */ = {isa = PBXFileReference; lastKnownFileType = sourcecode.swift; path = LoginWorker.swift; sourceTree = "<group>"; };
		A1A01C0029BDBA900029104A /* LoginPresenter.swift */ = {isa = PBXFileReference; lastKnownFileType = sourcecode.swift; path = LoginPresenter.swift; sourceTree = "<group>"; };
		A1A01C0229BDBDA40029104A /* LoginViewController.swift */ = {isa = PBXFileReference; lastKnownFileType = sourcecode.swift; path = LoginViewController.swift; sourceTree = "<group>"; };
/* End PBXFileReference section */

/* Begin PBXFrameworksBuildPhase section */
		A1A01BDF29BDADE80029104A /* Frameworks */ = {
			isa = PBXFrameworksBuildPhase;
			buildActionMask = 2147483647;
			files = (
			);
			runOnlyForDeploymentPostprocessing = 0;
		};
/* End PBXFrameworksBuildPhase section */

/* Begin PBXGroup section */
		A1A01BD929BDADE80029104A = {
			isa = PBXGroup;
			children = (
				A1A01BE429BDADE80029104A /* CleanSwiftSample */,
				A1A01BE329BDADE80029104A /* Products */,
			);
			sourceTree = "<group>";
		};
		A1A01BE329BDADE80029104A /* Products */ = {
			isa = PBXGroup;
			children = (
				A1A01BE229BDADE80029104A /* CleanSwiftSample.app */,
			);
			name = Products;
			sourceTree = "<group>";
		};
		A1A01BE429BDADE80029104A /* CleanSwiftSample */ = {
			isa = PBXGroup;
			children = (
				A1A01BE529BDADE80029104A /* AppDelegate.swift */,
				A1A01BE729BDADE80029104A /* SceneDelegate.swift */,
				A1A01BF929BDAEEB0029104A /* LoginScene */,
				A1A01BEB29BDADE80029104A /* Main.storyboard */,
				A1A01BEE29BDADE90029104A /* Assets.xcassets */,
				A1A01BF029BDADE90029104A /* LaunchScreen.storyboard */,
				A1A01BF329BDADE90029104A /* Info.plist */,
			);
			path = CleanSwiftSample;
			sourceTree = "<group>";
		};
		A1A01BF929BDAEEB0029104A /* LoginScene */ = {
			isa = PBXGroup;
			children = (
				A1A01C0229BDBDA40029104A /* LoginViewController.swift */,
				A1A01BFA29BDAF0A0029104A /* LoginInteractor.swift */,
				A1A01C0029BDBA900029104A /* LoginPresenter.swift */,
				A1A01BFC29BDB0B50029104A /* LoginModels.swift */,
				A1A01BFE29BDB6E00029104A /* LoginWorker.swift */,
			);
			path = LoginScene;
			sourceTree = "<group>";
		};
/* End PBXGroup section */

/* Begin PBXNativeTarget section */
		A1A01BE129BDADE80029104A /* CleanSwiftSample */ = {
			isa = PBXNativeTarget;
			buildConfigurationList = A1A01BF629BDADE90029104A /* Build configuration list for PBXNativeTarget "CleanSwiftSample" */;
			buildPhases = (
				A1A01BDE29BDADE80029104A /* Sources */,
				A1A01BDF29BDADE80029104A /* Frameworks */,
				A1A01BE029BDADE80029104A /* Resources */,
			);
			buildRules = (
			);
			dependencies = (
			);
			name = CleanSwiftSample;
			productName = CleanSwiftSample;
			productReference = A1A01BE229BDADE80029104A /* CleanSwiftSample.app */;
			productType = "com.apple.product-type.application";
		};
/* End PBXNativeTarget section */

/* Begin PBXProject section */
		A1A01BDA29BDADE80029104A /* Project object */ = {
			isa = PBXProject;
			attributes = {
				BuildIndependentTargetsInParallel = 1;
				LastSwiftUpdateCheck = 1400;
				LastUpgradeCheck = 1400;
				TargetAttributes = {
					A1A01BE129BDADE80029104A = {
						CreatedOnToolsVersion = 14.0;
					};
				};
			};
			buildConfigurationList = A1A01BDD29BDADE80029104A /* Build configuration list for PBXProject "CleanSwiftSample" */;
			compatibilityVersion = "Xcode 14.0";
			developmentRegion = en;
			hasScannedForEncodings = 0;
			knownRegions = (
				en,
				Base,
			);
			mainGroup = A1A01BD929BDADE80029104A;
			productRefGroup = A1A01BE329BDADE80029104A /* Products */;
			projectDirPath = "";
			projectRoot = "";
			targets = (
				A1A01BE129BDADE80029104A /* CleanSwiftSample */,
			);
		};
/* End PBXProject section */

/* Begin PBXResourcesBuildPhase section */
		A1A01BE029BDADE80029104A /* Resources */ = {
			isa = PBXResourcesBuildPhase;
			buildActionMask = 2147483647;
			files = (
				A1A01BF229BDADE90029104A /* LaunchScreen.storyboard in Resources */,
				A1A01BEF29BDADE90029104A /* Assets.xcassets in Resources */,
				A1A01BED29BDADE80029104A /* Main.storyboard in Resources */,
			);
			runOnlyForDeploymentPostprocessing = 0;
		};
/* End PBXResourcesBuildPhase section */

/* Begin PBXSourcesBuildPhase section */
		A1A01BDE29BDADE80029104A /* Sources */ = {
			isa = PBXSourcesBuildPhase;
			buildActionMask = 2147483647;
			files = (
				A1A01BFB29BDAF0A0029104A /* LoginInteractor.swift in Sources */,
				A1A01BFD29BDB0B50029104A /* LoginModels.swift in Sources */,
				A1A01C0129BDBA900029104A /* LoginPresenter.swift in Sources */,
				A1A01BE629BDADE80029104A /* AppDelegate.swift in Sources */,
				A1A01C0329BDBDA40029104A /* LoginViewController.swift in Sources */,
				A1A01BE829BDADE80029104A /* SceneDelegate.swift in Sources */,
				A1A01BFF29BDB6E00029104A /* LoginWorker.swift in Sources */,
			);
			runOnlyForDeploymentPostprocessing = 0;
		};
/* End PBXSourcesBuildPhase section */

/* Begin PBXVariantGroup section */
		A1A01BEB29BDADE80029104A /* Main.storyboard */ = {
			isa = PBXVariantGroup;
			children = (
				A1A01BEC29BDADE80029104A /* Base */,
			);
			name = Main.storyboard;
			sourceTree = "<group>";
		};
		A1A01BF029BDADE90029104A /* LaunchScreen.storyboard */ = {
			isa = PBXVariantGroup;
			children = (
				A1A01BF129BDADE90029104A /* Base */,
			);
			name = LaunchScreen.storyboard;
			sourceTree = "<group>";
		};
/* End PBXVariantGroup section */

/* Begin XCBuildConfiguration section */
		A1A01BF429BDADE90029104A /* Debug */ = {
			isa = XCBuildConfiguration;
			buildSettings = {
				ALWAYS_SEARCH_USER_PATHS = NO;
				CLANG_ANALYZER_NONNULL = YES;
				CLANG_ANALYZER_NUMBER_OBJECT_CONVERSION = YES_AGGRESSIVE;
				CLANG_CXX_LANGUAGE_STANDARD = "gnu++20";
				CLANG_ENABLE_MODULES = YES;
				CLANG_ENABLE_OBJC_ARC = YES;
				CLANG_ENABLE_OBJC_WEAK = YES;
				CLANG_WARN_BLOCK_CAPTURE_AUTORELEASING = YES;
				CLANG_WARN_BOOL_CONVERSION = YES;
				CLANG_WARN_COMMA = YES;
				CLANG_WARN_CONSTANT_CONVERSION = YES;
				CLANG_WARN_DEPRECATED_OBJC_IMPLEMENTATIONS = YES;
				CLANG_WARN_DIRECT_OBJC_ISA_USAGE = YES_ERROR;
				CLANG_WARN_DOCUMENTATION_COMMENTS = YES;
				CLANG_WARN_EMPTY_BODY = YES;
				CLANG_WARN_ENUM_CONVERSION = YES;
				CLANG_WARN_INFINITE_RECURSION = YES;
				CLANG_WARN_INT_CONVERSION = YES;
				CLANG_WARN_NON_LITERAL_NULL_CONVERSION = YES;
				CLANG_WARN_OBJC_IMPLICIT_RETAIN_SELF = YES;
				CLANG_WARN_OBJC_LITERAL_CONVERSION = YES;
				CLANG_WARN_OBJC_ROOT_CLASS = YES_ERROR;
				CLANG_WARN_QUOTED_INCLUDE_IN_FRAMEWORK_HEADER = YES;
				CLANG_WARN_RANGE_LOOP_ANALYSIS = YES;
				CLANG_WARN_STRICT_PROTOTYPES = YES;
				CLANG_WARN_SUSPICIOUS_MOVE = YES;
				CLANG_WARN_UNGUARDED_AVAILABILITY = YES_AGGRESSIVE;
				CLANG_WARN_UNREACHABLE_CODE = YES;
				CLANG_WARN__DUPLICATE_METHOD_MATCH = YES;
				COPY_PHASE_STRIP = NO;
				DEBUG_INFORMATION_FORMAT = dwarf;
				ENABLE_STRICT_OBJC_MSGSEND = YES;
				ENABLE_TESTABILITY = YES;
				GCC_C_LANGUAGE_STANDARD = gnu11;
				GCC_DYNAMIC_NO_PIC = NO;
				GCC_NO_COMMON_BLOCKS = YES;
				GCC_OPTIMIZATION_LEVEL = 0;
				GCC_PREPROCESSOR_DEFINITIONS = (
					"DEBUG=1",
					"$(inherited)",
				);
				GCC_WARN_64_TO_32_BIT_CONVERSION = YES;
				GCC_WARN_ABOUT_RETURN_TYPE = YES_ERROR;
				GCC_WARN_UNDECLARED_SELECTOR = YES;
				GCC_WARN_UNINITIALIZED_AUTOS = YES_AGGRESSIVE;
				GCC_WARN_UNUSED_FUNCTION = YES;
				GCC_WARN_UNUSED_VARIABLE = YES;
				IPHONEOS_DEPLOYMENT_TARGET = 16.0;
				MTL_ENABLE_DEBUG_INFO = INCLUDE_SOURCE;
				MTL_FAST_MATH = YES;
				ONLY_ACTIVE_ARCH = YES;
				SDKROOT = iphoneos;
				SWIFT_ACTIVE_COMPILATION_CONDITIONS = DEBUG;
				SWIFT_OPTIMIZATION_LEVEL = "-Onone";
			};
			name = Debug;
		};
		A1A01BF529BDADE90029104A /* Release */ = {
			isa = XCBuildConfiguration;
			buildSettings = {
				ALWAYS_SEARCH_USER_PATHS = NO;
				CLANG_ANALYZER_NONNULL = YES;
				CLANG_ANALYZER_NUMBER_OBJECT_CONVERSION = YES_AGGRESSIVE;
				CLANG_CXX_LANGUAGE_STANDARD = "gnu++20";
				CLANG_ENABLE_MODULES = YES;
				CLANG_ENABLE_OBJC_ARC = YES;
				CLANG_ENABLE_OBJC_WEAK = YES;
				CLANG_WARN_BLOCK_CAPTURE_AUTORELEASING = YES;
				CLANG_WARN_BOOL_CONVERSION = YES;
				CLANG_WARN_COMMA = YES;
				CLANG_WARN_CONSTANT_CONVERSION = YES;
				CLANG_WARN_DEPRECATED_OBJC_IMPLEMENTATIONS = YES;
				CLANG_WARN_DIRECT_OBJC_ISA_USAGE = YES_ERROR;
				CLANG_WARN_DOCUMENTATION_COMMENTS = YES;
				CLANG_WARN_EMPTY_BODY = YES;
				CLANG_WARN_ENUM_CONVERSION = YES;
				CLANG_WARN_INFINITE_RECURSION = YES;
				CLANG_WARN_INT_CONVERSION = YES;
				CLANG_WARN_NON_LITERAL_NULL_CONVERSION = YES;
				CLANG_WARN_OBJC_IMPLICIT_RETAIN_SELF = YES;
				CLANG_WARN_OBJC_LITERAL_CONVERSION = YES;
				CLANG_WARN_OBJC_ROOT_CLASS = YES_ERROR;
				CLANG_WARN_QUOTED_INCLUDE_IN_FRAMEWORK_HEADER = YES;
				CLANG_WARN_RANGE_LOOP_ANALYSIS = YES;
				CLANG_WARN_STRICT_PROTOTYPES = YES;
				CLANG_WARN_SUSPICIOUS_MOVE = YES;
				CLANG_WARN_UNGUARDED_AVAILABILITY = YES_AGGRESSIVE;
				CLANG_WARN_UNREACHABLE_CODE = YES;
				CLANG_WARN__DUPLICATE_METHOD_MATCH = YES;
				COPY_PHASE_STRIP = NO;
				DEBUG_INFORMATION_FORMAT = "dwarf-with-dsym";
				ENABLE_NS_ASSERTIONS = NO;
				ENABLE_STRICT_OBJC_MSGSEND = YES;
				GCC_C_LANGUAGE_STANDARD = gnu11;
				GCC_NO_COMMON_BLOCKS = YES;
				GCC_WARN_64_TO_32_BIT_CONVERSION = YES;
				GCC_WARN_ABOUT_RETURN_TYPE = YES_ERROR;
				GCC_WARN_UNDECLARED_SELECTOR = YES;
				GCC_WARN_UNINITIALIZED_AUTOS = YES_AGGRESSIVE;
				GCC_WARN_UNUSED_FUNCTION = YES;
				GCC_WARN_UNUSED_VARIABLE = YES;
				IPHONEOS_DEPLOYMENT_TARGET = 16.0;
				MTL_ENABLE_DEBUG_INFO = NO;
				MTL_FAST_MATH = YES;
				SDKROOT = iphoneos;
				SWIFT_COMPILATION_MODE = wholemodule;
				SWIFT_OPTIMIZATION_LEVEL = "-O";
				VALIDATE_PRODUCT = YES;
			};
			name = Release;
		};
		A1A01BF729BDADE90029104A /* Debug */ = {
			isa = XCBuildConfiguration;
			buildSettings = {
				ASSETCATALOG_COMPILER_APPICON_NAME = AppIcon;
				ASSETCATALOG_COMPILER_GLOBAL_ACCENT_COLOR_NAME = AccentColor;
				CODE_SIGN_STYLE = Automatic;
				CURRENT_PROJECT_VERSION = 1;
				DEVELOPMENT_TEAM = 43434K798H;
				GENERATE_INFOPLIST_FILE = YES;
				INFOPLIST_FILE = CleanSwiftSample/Info.plist;
				INFOPLIST_KEY_UIApplicationSupportsIndirectInputEvents = YES;
				INFOPLIST_KEY_UILaunchStoryboardName = LaunchScreen;
				INFOPLIST_KEY_UIMainStoryboardFile = Main;
				INFOPLIST_KEY_UISupportedInterfaceOrientations_iPad = "UIInterfaceOrientationPortrait UIInterfaceOrientationPortraitUpsideDown UIInterfaceOrientationLandscapeLeft UIInterfaceOrientationLandscapeRight";
				INFOPLIST_KEY_UISupportedInterfaceOrientations_iPhone = "UIInterfaceOrientationPortrait UIInterfaceOrientationLandscapeLeft UIInterfaceOrientationLandscapeRight";
				LD_RUNPATH_SEARCH_PATHS = (
					"$(inherited)",
					"@executable_path/Frameworks",
				);
				MARKETING_VERSION = 1.0;
				PRODUCT_BUNDLE_IDENTIFIER = AndyPolDev.CleanSwiftSample;
				PRODUCT_NAME = "$(TARGET_NAME)";
				SWIFT_EMIT_LOC_STRINGS = YES;
				SWIFT_VERSION = 5.0;
				TARGETED_DEVICE_FAMILY = "1,2";
			};
			name = Debug;
		};
		A1A01BF829BDADE90029104A /* Release */ = {
			isa = XCBuildConfiguration;
			buildSettings = {
				ASSETCATALOG_COMPILER_APPICON_NAME = AppIcon;
				ASSETCATALOG_COMPILER_GLOBAL_ACCENT_COLOR_NAME = AccentColor;
				CODE_SIGN_STYLE = Automatic;
				CURRENT_PROJECT_VERSION = 1;
				DEVELOPMENT_TEAM = 43434K798H;
				GENERATE_INFOPLIST_FILE = YES;
				INFOPLIST_FILE = CleanSwiftSample/Info.plist;
				INFOPLIST_KEY_UIApplicationSupportsIndirectInputEvents = YES;
				INFOPLIST_KEY_UILaunchStoryboardName = LaunchScreen;
				INFOPLIST_KEY_UIMainStoryboardFile = Main;
				INFOPLIST_KEY_UISupportedInterfaceOrientations_iPad = "UIInterfaceOrientationPortrait UIInterfaceOrientationPortraitUpsideDown UIInterfaceOrientationLandscapeLeft UIInterfaceOrientationLandscapeRight";
				INFOPLIST_KEY_UISupportedInterfaceOrientations_iPhone = "UIInterfaceOrientationPortrait UIInterfaceOrientationLandscapeLeft UIInterfaceOrientationLandscapeRight";
				LD_RUNPATH_SEARCH_PATHS = (
					"$(inherited)",
					"@executable_path/Frameworks",
				);
				MARKETING_VERSION = 1.0;
				PRODUCT_BUNDLE_IDENTIFIER = AndyPolDev.CleanSwiftSample;
				PRODUCT_NAME = "$(TARGET_NAME)";
				SWIFT_EMIT_LOC_STRINGS = YES;
				SWIFT_VERSION = 5.0;
				TARGETED_DEVICE_FAMILY = "1,2";
			};
			name = Release;
		};
/* End XCBuildConfiguration section */

/* Begin XCConfigurationList section */
		A1A01BDD29BDADE80029104A /* Build configuration list for PBXProject "CleanSwiftSample" */ = {
			isa = XCConfigurationList;
			buildConfigurations = (
				A1A01BF429BDADE90029104A /* Debug */,
				A1A01BF529BDADE90029104A /* Release */,
			);
			defaultConfigurationIsVisible = 0;
			defaultConfigurationName = Release;
		};
		A1A01BF629BDADE90029104A /* Build configuration list for PBXNativeTarget "CleanSwiftSample" */ = {
			isa = XCConfigurationList;
			buildConfigurations = (
				A1A01BF729BDADE90029104A /* Debug */,
				A1A01BF829BDADE90029104A /* Release */,
			);
			defaultConfigurationIsVisible = 0;
			defaultConfigurationName = Release;
		};
/* End XCConfigurationList section */
	};
	rootObject = A1A01BDA29BDADE80029104A /* Project object */;
}
